
Microsoft Visual Studio Solution File, Format Version 12.00
# Visual Studio Version 16
VisualStudioVersion = 16.0.30717.126
MinimumVisualStudioVersion = 10.0.40219.1
Project("{FAE04EC0-301F-11D3-BF4B-00C04F79EFBC}") = "Hotel", "Hotel.csproj", "{1312EE30-2E36-4BC3-A696-0D0F79072654}"
EndProject
Global
	GlobalSection(SolutionConfigurationPlatforms) = preSolution
		Debug|Any CPU = Debug|Any CPU
		Release|Any CPU = Release|Any CPU
	EndGlobalSection
	GlobalSection(ProjectConfigurationPlatforms) = postSolution
		{1312EE30-2E36-4BC3-A696-0D0F79072654}.Debug|Any CPU.ActiveCfg = Debug|Any CPU
		{1312EE30-2E36-4BC3-A696-0D0F79072654}.Debug|Any CPU.Build.0 = Debug|Any CPU
		{1312EE30-2E36-4BC3-A696-0D0F79072654}.Release|Any CPU.ActiveCfg = Release|Any CPU
		{1312EE30-2E36-4BC3-A696-0D0F79072654}.Release|Any CPU.Build.0 = Release|Any CPU
	EndGlobalSection
	GlobalSection(SolutionProperties) = preSolution
		HideSolutionNode = FALSE
	EndGlobalSection
	GlobalSection(ExtensibilityGlobals) = postSolution
		SolutionGuid = {8A906DAD-48D6-4654-A826-77A202DD9B44}
	EndGlobalSection
EndGlobal
